<Solution>
  <Folder Name="/src/">
    <Project Path="src/Portal.Api/Portal.Api.csproj" />
    <Project Path="src/Portal.Application/Portal.Application.csproj" />
    <Project Path="src/Portal.Domain/Portal.Domain.csproj" />
    <Project Path="src/Portal.Infrastructure/Portal.Infrastructure.csproj" />
  </Folder>
</Solution>
